
Microsoft Visual Studio Solution File, Format Version 12.00
# Visual Studio Version 17
VisualStudioVersion = 17.13.36105.23 d17.13
MinimumVisualStudioVersion = 10.0.40219.1
Project("{FAE04EC0-301F-11D3-BF4B-00C04F79EFBC}") = "madan.MVC", "madan.MVC\madan.MVC.csproj", "{0A0EA61A-C8B6-43DD-A2F1-FFD280C4B129}"
EndProject
Global
	GlobalSection(SolutionConfigurationPlatforms) = preSolution
		Debug|Any CPU = Debug|Any CPU
		Release|Any CPU = Release|Any CPU
	EndGlobalSection
	GlobalSection(ProjectConfigurationPlatforms) = postSolution
		{0A0EA61A-C8B6-43DD-A2F1-FFD280C4B129}.Debug|Any CPU.ActiveCfg = Debug|Any CPU
		{0A0EA61A-C8B6-43DD-A2F1-FFD280C4B129}.Debug|Any CPU.Build.0 = Debug|Any CPU
		{0A0EA61A-C8B6-43DD-A2F1-FFD280C4B129}.Release|Any CPU.ActiveCfg = Release|Any CPU
		{0A0EA61A-C8B6-43DD-A2F1-FFD280C4B129}.Release|Any CPU.Build.0 = Release|Any CPU
	EndGlobalSection
	GlobalSection(SolutionProperties) = preSolution
		HideSolutionNode = FALSE
	EndGlobalSection
	GlobalSection(ExtensibilityGlobals) = postSolution
		SolutionGuid = {8638DF4F-1D3B-4785-9049-EB4CAF901C63}
	EndGlobalSection
EndGlobal
